
Microsoft Visual Studio Solution File, Format Version 12.00
# Visual Studio Version 17
VisualStudioVersion = 17.7.34221.43
MinimumVisualStudioVersion = 10.0.40219.1
Project("{FAE04EC0-301F-11D3-BF4B-00C04F79EFBC}") = "BRCalc", "BRCalc\BRCalc.csproj", "{CFCD86E7-01FA-4C4A-884F-34660A38D392}"
EndProject
Global
	GlobalSection(SolutionConfigurationPlatforms) = preSolution
		Debug|Any CPU = Debug|Any CPU
		Release|Any CPU = Release|Any CPU
	EndGlobalSection
	GlobalSection(ProjectConfigurationPlatforms) = postSolution
		{CFCD86E7-01FA-4C4A-884F-34660A38D392}.Debug|Any CPU.ActiveCfg = Debug|Any CPU
		{CFCD86E7-01FA-4C4A-884F-34660A38D392}.Debug|Any CPU.Build.0 = Debug|Any CPU
		{CFCD86E7-01FA-4C4A-884F-34660A38D392}.Release|Any CPU.ActiveCfg = Release|Any CPU
		{CFCD86E7-01FA-4C4A-884F-34660A38D392}.Release|Any CPU.Build.0 = Release|Any CPU
	EndGlobalSection
	GlobalSection(SolutionProperties) = preSolution
		HideSolutionNode = FALSE
	EndGlobalSection
	GlobalSection(ExtensibilityGlobals) = postSolution
		SolutionGuid = {67A84EAB-A39C-4A0B-801D-154479A7572F}
	EndGlobalSection
EndGlobal
